
Microsoft Visual Studio Solution File, Format Version 12.00
# Visual Studio 15
VisualStudioVersion = 15.0.28307.1684
MinimumVisualStudioVersion = 10.0.40219.1
Project("{FAE04EC0-301F-11D3-BF4B-00C04F79EFBC}") = "Proiect BDI - Pizzerie", "Proiect BDI - Pizzerie\Proiect BDI - Pizzerie.csproj", "{C2A6F23D-DAF9-47C9-8A95-80E19B1ABB72}"
EndProject
Global
	GlobalSection(SolutionConfigurationPlatforms) = preSolution
		Debug|Any CPU = Debug|Any CPU
		Release|Any CPU = Release|Any CPU
	EndGlobalSection
	GlobalSection(ProjectConfigurationPlatforms) = postSolution
		{C2A6F23D-DAF9-47C9-8A95-80E19B1ABB72}.Debug|Any CPU.ActiveCfg = Debug|Any CPU
		{C2A6F23D-DAF9-47C9-8A95-80E19B1ABB72}.Debug|Any CPU.Build.0 = Debug|Any CPU
		{C2A6F23D-DAF9-47C9-8A95-80E19B1ABB72}.Release|Any CPU.ActiveCfg = Release|Any CPU
		{C2A6F23D-DAF9-47C9-8A95-80E19B1ABB72}.Release|Any CPU.Build.0 = Release|Any CPU
	EndGlobalSection
	GlobalSection(SolutionProperties) = preSolution
		HideSolutionNode = FALSE
	EndGlobalSection
	GlobalSection(ExtensibilityGlobals) = postSolution
		SolutionGuid = {1DB836ED-67D1-439E-8E37-063E720AC9FF}
	EndGlobalSection
EndGlobal
